
Microsoft Visual Studio Solution File, Format Version 12.00
# Visual Studio 15
VisualStudioVersion = 15.0.27004.2009
MinimumVisualStudioVersion = 10.0.40219.1
Project("{FAE04EC0-301F-11D3-BF4B-00C04F79EFBC}") = "ARS", "ARS.csproj", "{0AE09EA7-FB02-4C26-86F9-1D3AB039BE8A}"
EndProject
Global
	GlobalSection(SharedMSBuildProjectFiles) = preSolution
		..\App1\App1\App1.projitems*{95a304ad-2509-43ff-a9c6-19e4aadeea12}*SharedItemsImports = 4
		..\App1\App1\App1.projitems*{b77e7594-0e68-4501-a9da-6083b7cc957f}*SharedItemsImports = 4
		..\App1\App1\App1.projitems*{fe1f4306-2df7-4bf0-ac5d-677ff2961dd1}*SharedItemsImports = 13
	EndGlobalSection
	GlobalSection(SolutionConfigurationPlatforms) = preSolution
		Ad-Hoc|Any CPU = Ad-Hoc|Any CPU
		Ad-Hoc|ARM = Ad-Hoc|ARM
		Ad-Hoc|iPhone = Ad-Hoc|iPhone
		Ad-Hoc|iPhoneSimulator = Ad-Hoc|iPhoneSimulator
		Ad-Hoc|x64 = Ad-Hoc|x64
		Ad-Hoc|x86 = Ad-Hoc|x86
		AppStore|Any CPU = AppStore|Any CPU
		AppStore|ARM = AppStore|ARM
		AppStore|iPhone = AppStore|iPhone
		AppStore|iPhoneSimulator = AppStore|iPhoneSimulator
		AppStore|x64 = AppStore|x64
		AppStore|x86 = AppStore|x86
		Debug|Any CPU = Debug|Any CPU
		Debug|ARM = Debug|ARM
		Debug|iPhone = Debug|iPhone
		Debug|iPhoneSimulator = Debug|iPhoneSimulator
		Debug|x64 = Debug|x64
		Debug|x86 = Debug|x86
		Release|Any CPU = Release|Any CPU
		Release|ARM = Release|ARM
		Release|iPhone = Release|iPhone
		Release|iPhoneSimulator = Release|iPhoneSimulator
		Release|x64 = Release|x64
		Release|x86 = Release|x86
	EndGlobalSection
	GlobalSection(ProjectConfigurationPlatforms) = postSolution
		{0AE09EA7-FB02-4C26-86F9-1D3AB039BE8A}.Ad-Hoc|Any CPU.ActiveCfg = Release|Any CPU
		{0AE09EA7-FB02-4C26-86F9-1D3AB039BE8A}.Ad-Hoc|Any CPU.Build.0 = Release|Any CPU
		{0AE09EA7-FB02-4C26-86F9-1D3AB039BE8A}.Ad-Hoc|ARM.ActiveCfg = Release|Any CPU
		{0AE09EA7-FB02-4C26-86F9-1D3AB039BE8A}.Ad-Hoc|ARM.Build.0 = Release|Any CPU
		{0AE09EA7-FB02-4C26-86F9-1D3AB039BE8A}.Ad-Hoc|iPhone.ActiveCfg = Release|Any CPU
		{0AE09EA7-FB02-4C26-86F9-1D3AB039BE8A}.Ad-Hoc|iPhone.Build.0 = Release|Any CPU
		{0AE09EA7-FB02-4C26-86F9-1D3AB039BE8A}.Ad-Hoc|iPhoneSimulator.ActiveCfg = Release|Any CPU
		{0AE09EA7-FB02-4C26-86F9-1D3AB039BE8A}.Ad-Hoc|iPhoneSimulator.Build.0 = Release|Any CPU
		{0AE09EA7-FB02-4C26-86F9-1D3AB039BE8A}.Ad-Hoc|x64.ActiveCfg = Release|Any CPU
		{0AE09EA7-FB02-4C26-86F9-1D3AB039BE8A}.Ad-Hoc|x64.Build.0 = Release|Any CPU
		{0AE09EA7-FB02-4C26-86F9-1D3AB039BE8A}.Ad-Hoc|x86.ActiveCfg = Release|Any CPU
		{0AE09EA7-FB02-4C26-86F9-1D3AB039BE8A}.Ad-Hoc|x86.Build.0 = Release|Any CPU
		{0AE09EA7-FB02-4C26-86F9-1D3AB039BE8A}.AppStore|Any CPU.ActiveCfg = Release|Any CPU
		{0AE09EA7-FB02-4C26-86F9-1D3AB039BE8A}.AppStore|Any CPU.Build.0 = Release|Any CPU
		{0AE09EA7-FB02-4C26-86F9-1D3AB039BE8A}.AppStore|ARM.ActiveCfg = Release|Any CPU
		{0AE09EA7-FB02-4C26-86F9-1D3AB039BE8A}.AppStore|ARM.Build.0 = Release|Any CPU
		{0AE09EA7-FB02-4C26-86F9-1D3AB039BE8A}.AppStore|iPhone.ActiveCfg = Release|Any CPU
		{0AE09EA7-FB02-4C26-86F9-1D3AB039BE8A}.AppStore|iPhone.Build.0 = Release|Any CPU
		{0AE09EA7-FB02-4C26-86F9-1D3AB039BE8A}.AppStore|iPhoneSimulator.ActiveCfg = Release|Any CPU
		{0AE09EA7-FB02-4C26-86F9-1D3AB039BE8A}.AppStore|iPhoneSimulator.Build.0 = Release|Any CPU
		{0AE09EA7-FB02-4C26-86F9-1D3AB039BE8A}.AppStore|x64.ActiveCfg = Release|Any CPU
		{0AE09EA7-FB02-4C26-86F9-1D3AB039BE8A}.AppStore|x64.Build.0 = Release|Any CPU
		{0AE09EA7-FB02-4C26-86F9-1D3AB039BE8A}.AppStore|x86.ActiveCfg = Release|Any CPU
		{0AE09EA7-FB02-4C26-86F9-1D3AB039BE8A}.AppStore|x86.Build.0 = Release|Any CPU
		{0AE09EA7-FB02-4C26-86F9-1D3AB039BE8A}.Debug|Any CPU.ActiveCfg = Debug|Any CPU
		{0AE09EA7-FB02-4C26-86F9-1D3AB039BE8A}.Debug|Any CPU.Build.0 = Debug|Any CPU
		{0AE09EA7-FB02-4C26-86F9-1D3AB039BE8A}.Debug|ARM.ActiveCfg = Debug|Any CPU
		{0AE09EA7-FB02-4C26-86F9-1D3AB039BE8A}.Debug|ARM.Build.0 = Debug|Any CPU
		{0AE09EA7-FB02-4C26-86F9-1D3AB039BE8A}.Debug|iPhone.ActiveCfg = Debug|Any CPU
		{0AE09EA7-FB02-4C26-86F9-1D3AB039BE8A}.Debug|iPhone.Build.0 = Debug|Any CPU
		{0AE09EA7-FB02-4C26-86F9-1D3AB039BE8A}.Debug|iPhoneSimulator.ActiveCfg = Debug|Any CPU
		{0AE09EA7-FB02-4C26-86F9-1D3AB039BE8A}.Debug|iPhoneSimulator.Build.0 = Debug|Any CPU
		{0AE09EA7-FB02-4C26-86F9-1D3AB039BE8A}.Debug|x64.ActiveCfg = Debug|Any CPU
		{0AE09EA7-FB02-4C26-86F9-1D3AB039BE8A}.Debug|x64.Build.0 = Debug|Any CPU
		{0AE09EA7-FB02-4C26-86F9-1D3AB039BE8A}.Debug|x86.ActiveCfg = Debug|Any CPU
		{0AE09EA7-FB02-4C26-86F9-1D3AB039BE8A}.Debug|x86.Build.0 = Debug|Any CPU
		{0AE09EA7-FB02-4C26-86F9-1D3AB039BE8A}.Release|Any CPU.ActiveCfg = Release|Any CPU
		{0AE09EA7-FB02-4C26-86F9-1D3AB039BE8A}.Release|Any CPU.Build.0 = Release|Any CPU
		{0AE09EA7-FB02-4C26-86F9-1D3AB039BE8A}.Release|ARM.ActiveCfg = Release|Any CPU
		{0AE09EA7-FB02-4C26-86F9-1D3AB039BE8A}.Release|ARM.Build.0 = Release|Any CPU
		{0AE09EA7-FB02-4C26-86F9-1D3AB039BE8A}.Release|iPhone.ActiveCfg = Release|Any CPU
		{0AE09EA7-FB02-4C26-86F9-1D3AB039BE8A}.Release|iPhone.Build.0 = Release|Any CPU
		{0AE09EA7-FB02-4C26-86F9-1D3AB039BE8A}.Release|iPhoneSimulator.ActiveCfg = Release|Any CPU
		{0AE09EA7-FB02-4C26-86F9-1D3AB039BE8A}.Release|iPhoneSimulator.Build.0 = Release|Any CPU
		{0AE09EA7-FB02-4C26-86F9-1D3AB039BE8A}.Release|x64.ActiveCfg = Release|Any CPU
		{0AE09EA7-FB02-4C26-86F9-1D3AB039BE8A}.Release|x64.Build.0 = Release|Any CPU
		{0AE09EA7-FB02-4C26-86F9-1D3AB039BE8A}.Release|x86.ActiveCfg = Release|Any CPU
		{0AE09EA7-FB02-4C26-86F9-1D3AB039BE8A}.Release|x86.Build.0 = Release|Any CPU
	EndGlobalSection
	GlobalSection(SolutionProperties) = preSolution
		HideSolutionNode = FALSE
	EndGlobalSection
	GlobalSection(ExtensibilityGlobals) = postSolution
		SolutionGuid = {DE72E88C-302E-42A8-A671-803B5044A7C0}
	EndGlobalSection
EndGlobal
